// !$*UTF8*$!
{
	archiveVersion = 1;
	classes = {
	};
	objectVersion = 55;
	objects = {

/* Begin PBXBuildFile section */
		1FADD4562BFB285000FBD452 /* LocationsViewModel.swift in Sources */ = {isa = PBXBuildFile; fileRef = 1FADD4552BFB285000FBD452 /* LocationsViewModel.swift */; };
		1FADD4582BFB32B100FBD452 /* LocationsListView.swift in Sources */ = {isa = PBXBuildFile; fileRef = 1FADD4572BFB32B100FBD452 /* LocationsListView.swift */; };
		1FADD45A2BFB3EA700FBD452 /* LocationPreviewView.swift in Sources */ = {isa = PBXBuildFile; fileRef = 1FADD4592BFB3EA700FBD452 /* LocationPreviewView.swift */; };
		1FADD45C2BFB5CD200FBD452 /* LocationMapAnnotionView.swift in Sources */ = {isa = PBXBuildFile; fileRef = 1FADD45B2BFB5CD200FBD452 /* LocationMapAnnotionView.swift */; };
		1FADD45E2BFB636200FBD452 /* LocationDetailsView.swift in Sources */ = {isa = PBXBuildFile; fileRef = 1FADD45D2BFB636200FBD452 /* LocationDetailsView.swift */; };
		1FE932B72BFB1B1F00BA6BA1 /* MapLocationApp.swift in Sources */ = {isa = PBXBuildFile; fileRef = 1FE932B62BFB1B1F00BA6BA1 /* MapLocationApp.swift */; };
		1FE932B92BFB1B1F00BA6BA1 /* ContentView.swift in Sources */ = {isa = PBXBuildFile; fileRef = 1FE932B82BFB1B1F00BA6BA1 /* ContentView.swift */; };
		1FE932BE2BFB1B2700BA6BA1 /* Preview Assets.xcassets in Resources */ = {isa = PBXBuildFile; fileRef = 1FE932BD2BFB1B2700BA6BA1 /* Preview Assets.xcassets */; };
		1FE932C52BFB1CCC00BA6BA1 /* Assets.xcassets in Resources */ = {isa = PBXBuildFile; fileRef = 1FE932C42BFB1CCC00BA6BA1 /* Assets.xcassets */; };
		1FE932CA2BFB1E1300BA6BA1 /* LocationModel.swift in Sources */ = {isa = PBXBuildFile; fileRef = 1FE932C92BFB1E1300BA6BA1 /* LocationModel.swift */; };
		1FE932CE2BFB1F6000BA6BA1 /* LocationsDataService.swift in Sources */ = {isa = PBXBuildFile; fileRef = 1FE932CD2BFB1F6000BA6BA1 /* LocationsDataService.swift */; };
		1FE932D02BFB20AD00BA6BA1 /* LocationView.swift in Sources */ = {isa = PBXBuildFile; fileRef = 1FE932CF2BFB20AD00BA6BA1 /* LocationView.swift */; };
/* End PBXBuildFile section */

/* Begin PBXFileReference section */
		1F8067152BFB816800B2C536 /* Info.plist */ = {isa = PBXFileReference; lastKnownFileType = text.plist; path = Info.plist; sourceTree = "<group>"; };
		1FADD4552BFB285000FBD452 /* LocationsViewModel.swift */ = {isa = PBXFileReference; lastKnownFileType = sourcecode.swift; path = LocationsViewModel.swift; sourceTree = "<group>"; };
		1FADD4572BFB32B100FBD452 /* LocationsListView.swift */ = {isa = PBXFileReference; lastKnownFileType = sourcecode.swift; path = LocationsListView.swift; sourceTree = "<group>"; };
		1FADD4592BFB3EA700FBD452 /* LocationPreviewView.swift */ = {isa = PBXFileReference; lastKnownFileType = sourcecode.swift; path = LocationPreviewView.swift; sourceTree = "<group>"; };
		1FADD45B2BFB5CD200FBD452 /* LocationMapAnnotionView.swift */ = {isa = PBXFileReference; lastKnownFileType = sourcecode.swift; path = LocationMapAnnotionView.swift; sourceTree = "<group>"; };
		1FADD45D2BFB636200FBD452 /* LocationDetailsView.swift */ = {isa = PBXFileReference; lastKnownFileType = sourcecode.swift; path = LocationDetailsView.swift; sourceTree = "<group>"; };
		1FE932B32BFB1B1F00BA6BA1 /* MapLocation.app */ = {isa = PBXFileReference; explicitFileType = wrapper.application; includeInIndex = 0; path = MapLocation.app; sourceTree = BUILT_PRODUCTS_DIR; };
		1FE932B62BFB1B1F00BA6BA1 /* MapLocationApp.swift */ = {isa = PBXFileReference; lastKnownFileType = sourcecode.swift; path = MapLocationApp.swift; sourceTree = "<group>"; };
		1FE932B82BFB1B1F00BA6BA1 /* ContentView.swift */ = {isa = PBXFileReference; lastKnownFileType = sourcecode.swift; path = ContentView.swift; sourceTree = "<group>"; };
		1FE932BD2BFB1B2700BA6BA1 /* Preview Assets.xcassets */ = {isa = PBXFileReference; lastKnownFileType = folder.assetcatalog; path = "Preview Assets.xcassets"; sourceTree = "<group>"; };
		1FE932C42BFB1CCC00BA6BA1 /* Assets.xcassets */ = {isa = PBXFileReference; lastKnownFileType = folder.assetcatalog; path = Assets.xcassets; sourceTree = "<group>"; };
		1FE932C92BFB1E1300BA6BA1 /* LocationModel.swift */ = {isa = PBXFileReference; lastKnownFileType = sourcecode.swift; path = LocationModel.swift; sourceTree = "<group>"; };
		1FE932CD2BFB1F6000BA6BA1 /* LocationsDataService.swift */ = {isa = PBXFileReference; fileEncoding = 4; lastKnownFileType = sourcecode.swift; path = LocationsDataService.swift; sourceTree = "<group>"; };
		1FE932CF2BFB20AD00BA6BA1 /* LocationView.swift */ = {isa = PBXFileReference; lastKnownFileType = sourcecode.swift; path = LocationView.swift; sourceTree = "<group>"; };
/* End PBXFileReference section */

/* Begin PBXFrameworksBuildPhase section */
		1FE932B02BFB1B1F00BA6BA1 /* Frameworks */ = {
			isa = PBXFrameworksBuildPhase;
			buildActionMask = 2147483647;
			files = (
			);
			runOnlyForDeploymentPostprocessing = 0;
		};
/* End PBXFrameworksBuildPhase section */

/* Begin PBXGroup section */
		1FE932AA2BFB1B1F00BA6BA1 = {
			isa = PBXGroup;
			children = (
				1FE932B52BFB1B1F00BA6BA1 /* MapLocation */,
				1FE932B42BFB1B1F00BA6BA1 /* Products */,
			);
			sourceTree = "<group>";
		};
		1FE932B42BFB1B1F00BA6BA1 /* Products */ = {
			isa = PBXGroup;
			children = (
				1FE932B32BFB1B1F00BA6BA1 /* MapLocation.app */,
			);
			name = Products;
			sourceTree = "<group>";
		};
		1FE932B52BFB1B1F00BA6BA1 /* MapLocation */ = {
			isa = PBXGroup;
			children = (
				1F8067152BFB816800B2C536 /* Info.plist */,
				1FE932C72BFB1DB600BA6BA1 /* Views */,
				1FE932C82BFB1DC900BA6BA1 /* ViewModels */,
				1FE932C62BFB1DAF00BA6BA1 /* Models */,
				1FE932CC2BFB1F3A00BA6BA1 /* DataServices */,
				1FE932B62BFB1B1F00BA6BA1 /* MapLocationApp.swift */,
				1FE932B82BFB1B1F00BA6BA1 /* ContentView.swift */,
				1FE932C42BFB1CCC00BA6BA1 /* Assets.xcassets */,
				1FE932BC2BFB1B2700BA6BA1 /* Preview Content */,
			);
			path = MapLocation;
			sourceTree = "<group>";
		};
		1FE932BC2BFB1B2700BA6BA1 /* Preview Content */ = {
			isa = PBXGroup;
			children = (
				1FE932BD2BFB1B2700BA6BA1 /* Preview Assets.xcassets */,
			);
			path = "Preview Content";
			sourceTree = "<group>";
		};
		1FE932C62BFB1DAF00BA6BA1 /* Models */ = {
			isa = PBXGroup;
			children = (
				1FE932C92BFB1E1300BA6BA1 /* LocationModel.swift */,
			);
			path = Models;
			sourceTree = "<group>";
		};
		1FE932C72BFB1DB600BA6BA1 /* Views */ = {
			isa = PBXGroup;
			children = (
				1FE932CF2BFB20AD00BA6BA1 /* LocationView.swift */,
				1FADD4572BFB32B100FBD452 /* LocationsListView.swift */,
				1FADD4592BFB3EA700FBD452 /* LocationPreviewView.swift */,
				1FADD45B2BFB5CD200FBD452 /* LocationMapAnnotionView.swift */,
				1FADD45D2BFB636200FBD452 /* LocationDetailsView.swift */,
			);
			path = Views;
			sourceTree = "<group>";
		};
		1FE932C82BFB1DC900BA6BA1 /* ViewModels */ = {
			isa = PBXGroup;
			children = (
				1FADD4552BFB285000FBD452 /* LocationsViewModel.swift */,
			);
			path = ViewModels;
			sourceTree = "<group>";
		};
		1FE932CC2BFB1F3A00BA6BA1 /* DataServices */ = {
			isa = PBXGroup;
			children = (
				1FE932CD2BFB1F6000BA6BA1 /* LocationsDataService.swift */,
			);
			path = DataServices;
			sourceTree = "<group>";
		};
/* End PBXGroup section */

/* Begin PBXNativeTarget section */
		1FE932B22BFB1B1F00BA6BA1 /* MapLocation */ = {
			isa = PBXNativeTarget;
			buildConfigurationList = 1FE932C12BFB1B2700BA6BA1 /* Build configuration list for PBXNativeTarget "MapLocation" */;
			buildPhases = (
				1FE932AF2BFB1B1F00BA6BA1 /* Sources */,
				1FE932B02BFB1B1F00BA6BA1 /* Frameworks */,
				1FE932B12BFB1B1F00BA6BA1 /* Resources */,
			);
			buildRules = (
			);
			dependencies = (
			);
			name = MapLocation;
			productName = MapLocation;
			productReference = 1FE932B32BFB1B1F00BA6BA1 /* MapLocation.app */;
			productType = "com.apple.product-type.application";
		};
/* End PBXNativeTarget section */

/* Begin PBXProject section */
		1FE932AB2BFB1B1F00BA6BA1 /* Project object */ = {
			isa = PBXProject;
			attributes = {
				BuildIndependentTargetsInParallel = 1;
				LastSwiftUpdateCheck = 1300;
				LastUpgradeCheck = 1300;
				TargetAttributes = {
					1FE932B22BFB1B1F00BA6BA1 = {
						CreatedOnToolsVersion = 13.0;
					};
				};
			};
			buildConfigurationList = 1FE932AE2BFB1B1F00BA6BA1 /* Build configuration list for PBXProject "MapLocation" */;
			compatibilityVersion = "Xcode 13.0";
			developmentRegion = en;
			hasScannedForEncodings = 0;
			knownRegions = (
				en,
				Base,
			);
			mainGroup = 1FE932AA2BFB1B1F00BA6BA1;
			productRefGroup = 1FE932B42BFB1B1F00BA6BA1 /* Products */;
			projectDirPath = "";
			projectRoot = "";
			targets = (
				1FE932B22BFB1B1F00BA6BA1 /* MapLocation */,
			);
		};
/* End PBXProject section */

/* Begin PBXResourcesBuildPhase section */
		1FE932B12BFB1B1F00BA6BA1 /* Resources */ = {
			isa = PBXResourcesBuildPhase;
			buildActionMask = 2147483647;
			files = (
				1FE932C52BFB1CCC00BA6BA1 /* Assets.xcassets in Resources */,
				1FE932BE2BFB1B2700BA6BA1 /* Preview Assets.xcassets in Resources */,
			);
			runOnlyForDeploymentPostprocessing = 0;
		};
/* End PBXResourcesBuildPhase section */

/* Begin PBXSourcesBuildPhase section */
		1FE932AF2BFB1B1F00BA6BA1 /* Sources */ = {
			isa = PBXSourcesBuildPhase;
			buildActionMask = 2147483647;
			files = (
				1FADD45E2BFB636200FBD452 /* LocationDetailsView.swift in Sources */,
				1FE932CE2BFB1F6000BA6BA1 /* LocationsDataService.swift in Sources */,
				1FADD4582BFB32B100FBD452 /* LocationsListView.swift in Sources */,
				1FADD45A2BFB3EA700FBD452 /* LocationPreviewView.swift in Sources */,
				1FADD4562BFB285000FBD452 /* LocationsViewModel.swift in Sources */,
				1FADD45C2BFB5CD200FBD452 /* LocationMapAnnotionView.swift in Sources */,
				1FE932B92BFB1B1F00BA6BA1 /* ContentView.swift in Sources */,
				1FE932D02BFB20AD00BA6BA1 /* LocationView.swift in Sources */,
				1FE932CA2BFB1E1300BA6BA1 /* LocationModel.swift in Sources */,
				1FE932B72BFB1B1F00BA6BA1 /* MapLocationApp.swift in Sources */,
			);
			runOnlyForDeploymentPostprocessing = 0;
		};
/* End PBXSourcesBuildPhase section */

/* Begin XCBuildConfiguration section */
		1FE932BF2BFB1B2700BA6BA1 /* Debug */ = {
			isa = XCBuildConfiguration;
			buildSettings = {
				ALWAYS_SEARCH_USER_PATHS = NO;
				CLANG_ANALYZER_NONNULL = YES;
				CLANG_ANALYZER_NUMBER_OBJECT_CONVERSION = YES_AGGRESSIVE;
				CLANG_CXX_LANGUAGE_STANDARD = "gnu++17";
				CLANG_CXX_LIBRARY = "libc++";
				CLANG_ENABLE_MODULES = YES;
				CLANG_ENABLE_OBJC_ARC = YES;
				CLANG_ENABLE_OBJC_WEAK = YES;
				CLANG_WARN_BLOCK_CAPTURE_AUTORELEASING = YES;
				CLANG_WARN_BOOL_CONVERSION = YES;
				CLANG_WARN_COMMA = YES;
				CLANG_WARN_CONSTANT_CONVERSION = YES;
				CLANG_WARN_DEPRECATED_OBJC_IMPLEMENTATIONS = YES;
				CLANG_WARN_DIRECT_OBJC_ISA_USAGE = YES_ERROR;
				CLANG_WARN_DOCUMENTATION_COMMENTS = YES;
				CLANG_WARN_EMPTY_BODY = YES;
				CLANG_WARN_ENUM_CONVERSION = YES;
				CLANG_WARN_INFINITE_RECURSION = YES;
				CLANG_WARN_INT_CONVERSION = YES;
				CLANG_WARN_NON_LITERAL_NULL_CONVERSION = YES;
				CLANG_WARN_OBJC_IMPLICIT_RETAIN_SELF = YES;
				CLANG_WARN_OBJC_LITERAL_CONVERSION = YES;
				CLANG_WARN_OBJC_ROOT_CLASS = YES_ERROR;
				CLANG_WARN_QUOTED_INCLUDE_IN_FRAMEWORK_HEADER = YES;
				CLANG_WARN_RANGE_LOOP_ANALYSIS = YES;
				CLANG_WARN_STRICT_PROTOTYPES = YES;
				CLANG_WARN_SUSPICIOUS_MOVE = YES;
				CLANG_WARN_UNGUARDED_AVAILABILITY = YES_AGGRESSIVE;
				CLANG_WARN_UNREACHABLE_CODE = YES;
				CLANG_WARN__DUPLICATE_METHOD_MATCH = YES;
				COPY_PHASE_STRIP = NO;
				DEBUG_INFORMATION_FORMAT = dwarf;
				ENABLE_STRICT_OBJC_MSGSEND = YES;
				ENABLE_TESTABILITY = YES;
				GCC_C_LANGUAGE_STANDARD = gnu11;
				GCC_DYNAMIC_NO_PIC = NO;
				GCC_NO_COMMON_BLOCKS = YES;
				GCC_OPTIMIZATION_LEVEL = 0;
				GCC_PREPROCESSOR_DEFINITIONS = (
					"DEBUG=1",
					"$(inherited)",
				);
				GCC_WARN_64_TO_32_BIT_CONVERSION = YES;
				GCC_WARN_ABOUT_RETURN_TYPE = YES_ERROR;
				GCC_WARN_UNDECLARED_SELECTOR = YES;
				GCC_WARN_UNINITIALIZED_AUTOS = YES_AGGRESSIVE;
				GCC_WARN_UNUSED_FUNCTION = YES;
				GCC_WARN_UNUSED_VARIABLE = YES;
				IPHONEOS_DEPLOYMENT_TARGET = 15.0;
				MTL_ENABLE_DEBUG_INFO = INCLUDE_SOURCE;
				MTL_FAST_MATH = YES;
				ONLY_ACTIVE_ARCH = YES;
				SDKROOT = iphoneos;
				SWIFT_ACTIVE_COMPILATION_CONDITIONS = DEBUG;
				SWIFT_OPTIMIZATION_LEVEL = "-Onone";
			};
			name = Debug;
		};
		1FE932C02BFB1B2700BA6BA1 /* Release */ = {
			isa = XCBuildConfiguration;
			buildSettings = {
				ALWAYS_SEARCH_USER_PATHS = NO;
				CLANG_ANALYZER_NONNULL = YES;
				CLANG_ANALYZER_NUMBER_OBJECT_CONVERSION = YES_AGGRESSIVE;
				CLANG_CXX_LANGUAGE_STANDARD = "gnu++17";
				CLANG_CXX_LIBRARY = "libc++";
				CLANG_ENABLE_MODULES = YES;
				CLANG_ENABLE_OBJC_ARC = YES;
				CLANG_ENABLE_OBJC_WEAK = YES;
				CLANG_WARN_BLOCK_CAPTURE_AUTORELEASING = YES;
				CLANG_WARN_BOOL_CONVERSION = YES;
				CLANG_WARN_COMMA = YES;
				CLANG_WARN_CONSTANT_CONVERSION = YES;
				CLANG_WARN_DEPRECATED_OBJC_IMPLEMENTATIONS = YES;
				CLANG_WARN_DIRECT_OBJC_ISA_USAGE = YES_ERROR;
				CLANG_WARN_DOCUMENTATION_COMMENTS = YES;
				CLANG_WARN_EMPTY_BODY = YES;
				CLANG_WARN_ENUM_CONVERSION = YES;
				CLANG_WARN_INFINITE_RECURSION = YES;
				CLANG_WARN_INT_CONVERSION = YES;
				CLANG_WARN_NON_LITERAL_NULL_CONVERSION = YES;
				CLANG_WARN_OBJC_IMPLICIT_RETAIN_SELF = YES;
				CLANG_WARN_OBJC_LITERAL_CONVERSION = YES;
				CLANG_WARN_OBJC_ROOT_CLASS = YES_ERROR;
				CLANG_WARN_QUOTED_INCLUDE_IN_FRAMEWORK_HEADER = YES;
				CLANG_WARN_RANGE_LOOP_ANALYSIS = YES;
				CLANG_WARN_STRICT_PROTOTYPES = YES;
				CLANG_WARN_SUSPICIOUS_MOVE = YES;
				CLANG_WARN_UNGUARDED_AVAILABILITY = YES_AGGRESSIVE;
				CLANG_WARN_UNREACHABLE_CODE = YES;
				CLANG_WARN__DUPLICATE_METHOD_MATCH = YES;
				COPY_PHASE_STRIP = NO;
				DEBUG_INFORMATION_FORMAT = "dwarf-with-dsym";
				ENABLE_NS_ASSERTIONS = NO;
				ENABLE_STRICT_OBJC_MSGSEND = YES;
				GCC_C_LANGUAGE_STANDARD = gnu11;
				GCC_NO_COMMON_BLOCKS = YES;
				GCC_WARN_64_TO_32_BIT_CONVERSION = YES;
				GCC_WARN_ABOUT_RETURN_TYPE = YES_ERROR;
				GCC_WARN_UNDECLARED_SELECTOR = YES;
				GCC_WARN_UNINITIALIZED_AUTOS = YES_AGGRESSIVE;
				GCC_WARN_UNUSED_FUNCTION = YES;
				GCC_WARN_UNUSED_VARIABLE = YES;
				IPHONEOS_DEPLOYMENT_TARGET = 15.0;
				MTL_ENABLE_DEBUG_INFO = NO;
				MTL_FAST_MATH = YES;
				SDKROOT = iphoneos;
				SWIFT_COMPILATION_MODE = wholemodule;
				SWIFT_OPTIMIZATION_LEVEL = "-O";
				VALIDATE_PRODUCT = YES;
			};
			name = Release;
		};
		1FE932C22BFB1B2700BA6BA1 /* Debug */ = {
			isa = XCBuildConfiguration;
			buildSettings = {
				ASSETCATALOG_COMPILER_APPICON_NAME = AppIcon;
				ASSETCATALOG_COMPILER_GLOBAL_ACCENT_COLOR_NAME = AccentColor;
				CODE_SIGN_STYLE = Automatic;
				CURRENT_PROJECT_VERSION = 1;
				DEVELOPMENT_ASSET_PATHS = "\"MapLocation/Preview Content\"";
				ENABLE_PREVIEWS = YES;
				GENERATE_INFOPLIST_FILE = YES;
				INFOPLIST_FILE = MapLocation/Info.plist;
				INFOPLIST_KEY_CFBundleDisplayName = Map;
				INFOPLIST_KEY_UIApplicationSceneManifest_Generation = YES;
				INFOPLIST_KEY_UIApplicationSupportsIndirectInputEvents = YES;
				INFOPLIST_KEY_UISupportedInterfaceOrientations = UIInterfaceOrientationPortrait;
				INFOPLIST_KEY_UISupportedInterfaceOrientations_iPad = "UIInterfaceOrientationPortrait UIInterfaceOrientationPortraitUpsideDown UIInterfaceOrientationLandscapeLeft UIInterfaceOrientationLandscapeRight";
				INFOPLIST_KEY_UISupportedInterfaceOrientations_iPhone = UIInterfaceOrientationPortrait;
				IPHONEOS_DEPLOYMENT_TARGET = 15.0;
				LD_RUNPATH_SEARCH_PATHS = (
					"$(inherited)",
					"@executable_path/Frameworks",
				);
				MARKETING_VERSION = 1.0;
				PRODUCT_BUNDLE_IDENTIFIER = Reapmind.MapLocation;
				PRODUCT_NAME = "$(TARGET_NAME)";
				SWIFT_EMIT_LOC_STRINGS = YES;
				SWIFT_VERSION = 5.0;
				TARGETED_DEVICE_FAMILY = "1,2";
			};
			name = Debug;
		};
		1FE932C32BFB1B2700BA6BA1 /* Release */ = {
			isa = XCBuildConfiguration;
			buildSettings = {
				ASSETCATALOG_COMPILER_APPICON_NAME = AppIcon;
				ASSETCATALOG_COMPILER_GLOBAL_ACCENT_COLOR_NAME = AccentColor;
				CODE_SIGN_STYLE = Automatic;
				CURRENT_PROJECT_VERSION = 1;
				DEVELOPMENT_ASSET_PATHS = "\"MapLocation/Preview Content\"";
				ENABLE_PREVIEWS = YES;
				GENERATE_INFOPLIST_FILE = YES;
				INFOPLIST_FILE = MapLocation/Info.plist;
				INFOPLIST_KEY_CFBundleDisplayName = Map;
				INFOPLIST_KEY_UIApplicationSceneManifest_Generation = YES;
				INFOPLIST_KEY_UIApplicationSupportsIndirectInputEvents = YES;
				INFOPLIST_KEY_UISupportedInterfaceOrientations = UIInterfaceOrientationPortrait;
				INFOPLIST_KEY_UISupportedInterfaceOrientations_iPad = "UIInterfaceOrientationPortrait UIInterfaceOrientationPortraitUpsideDown UIInterfaceOrientationLandscapeLeft UIInterfaceOrientationLandscapeRight";
				INFOPLIST_KEY_UISupportedInterfaceOrientations_iPhone = UIInterfaceOrientationPortrait;
				IPHONEOS_DEPLOYMENT_TARGET = 15.0;
				LD_RUNPATH_SEARCH_PATHS = (
					"$(inherited)",
					"@executable_path/Frameworks",
				);
				MARKETING_VERSION = 1.0;
				PRODUCT_BUNDLE_IDENTIFIER = Reapmind.MapLocation;
				PRODUCT_NAME = "$(TARGET_NAME)";
				SWIFT_EMIT_LOC_STRINGS = YES;
				SWIFT_VERSION = 5.0;
				TARGETED_DEVICE_FAMILY = "1,2";
			};
			name = Release;
		};
/* End XCBuildConfiguration section */

/* Begin XCConfigurationList section */
		1FE932AE2BFB1B1F00BA6BA1 /* Build configuration list for PBXProject "MapLocation" */ = {
			isa = XCConfigurationList;
			buildConfigurations = (
				1FE932BF2BFB1B2700BA6BA1 /* Debug */,
				1FE932C02BFB1B2700BA6BA1 /* Release */,
			);
			defaultConfigurationIsVisible = 0;
			defaultConfigurationName = Release;
		};
		1FE932C12BFB1B2700BA6BA1 /* Build configuration list for PBXNativeTarget "MapLocation" */ = {
			isa = XCConfigurationList;
			buildConfigurations = (
				1FE932C22BFB1B2700BA6BA1 /* Debug */,
				1FE932C32BFB1B2700BA6BA1 /* Release */,
			);
			defaultConfigurationIsVisible = 0;
			defaultConfigurationName = Release;
		};
/* End XCConfigurationList section */
	};
	rootObject = 1FE932AB2BFB1B1F00BA6BA1 /* Project object */;
}
